
Microsoft Visual Studio Solution File, Format Version 12.00
# Visual Studio 14
VisualStudioVersion = 14.0.23107.0
MinimumVisualStudioVersion = 10.0.40219.1
Project("{FAE04EC0-301F-11D3-BF4B-00C04F79EFBC}") = "AppStudio.DataProviders", "src\AppStudio.DataProviders\AppStudio.DataProviders.csproj", "{7189A42D-6F1A-4FA3-8E00-E2C14FDF167A}"
EndProject
Project("{FAE04EC0-301F-11D3-BF4B-00C04F79EFBC}") = "AppStudio.Common", "src\AppStudio.Common\AppStudio.Common.csproj", "{DB9FFD8A-EAAD-46D7-B68E-C1D003ED40E1}"
EndProject
Project("{2150E333-8FDC-42A3-9474-1A3956D46DE8}") = "samples", "samples", "{811C23E9-52E4-4E76-923F-8162CD8856C8}"
EndProject
Project("{D954291E-2A0B-460D-934E-DC6B0785DB48}") = "AppStudio.Samples.DataProviders.Shared", "samples\AppStudio.Samples.DataProviders.Shared\AppStudio.Samples.DataProviders.Shared.shproj", "{C6AD54D9-D6ED-4F43-AC3D-6216A079B1AA}"
EndProject
Project("{FAE04EC0-301F-11D3-BF4B-00C04F79EFBC}") = "AppStudio.Samples.DataProviders.W10", "samples\AppStudio.Samples.DataProviders.W10\AppStudio.Samples.DataProviders.W10.csproj", "{316600AD-2DD9-45A3-9611-E15D9E0727BF}"
EndProject
Project("{FAE04EC0-301F-11D3-BF4B-00C04F79EFBC}") = "AppStudio.Samples.DataProviders.Windows", "samples\AppStudio.Samples.DataProviders.Windows\AppStudio.Samples.DataProviders.Windows.csproj", "{CAA11277-55C5-4A2E-BB0B-3E28DE8A8F6B}"
EndProject
Project("{FAE04EC0-301F-11D3-BF4B-00C04F79EFBC}") = "AppStudio.Samples.DataProviders.WindowsPhone", "samples\AppStudio.Samples.DataProviders.WindowsPhone\AppStudio.Samples.DataProviders.WindowsPhone.csproj", "{A889E0F4-EC01-4399-B3EC-5A146AB4A2AA}"
EndProject
Project("{D954291E-2A0B-460D-934E-DC6B0785DB48}") = "AppStudio.Samples.Common.Shared", "samples\AppStudio.Samples.Common.Shared\AppStudio.Samples.Common.Shared.shproj", "{549F05B7-41B0-463B-8390-CC5639B68F40}"
EndProject
Project("{FAE04EC0-301F-11D3-BF4B-00C04F79EFBC}") = "AppStudio.Samples.Common.W10", "samples\AppStudio.Samples.Common.W10\AppStudio.Samples.Common.W10.csproj", "{EF4F3740-E6EB-4FBF-BD09-93F863351E44}"
EndProject
Project("{FAE04EC0-301F-11D3-BF4B-00C04F79EFBC}") = "AppStudio.Samples.Common.Windows", "samples\AppStudio.Samples.Common.Windows\AppStudio.Samples.Common.Windows.csproj", "{B372B6CC-62A8-4D2D-87DB-9E5ABAD7FBA6}"
EndProject
Project("{FAE04EC0-301F-11D3-BF4B-00C04F79EFBC}") = "AppStudio.Samples.Common.WindowsPhone", "samples\AppStudio.Samples.Common.WindowsPhone\AppStudio.Samples.Common.WindowsPhone.csproj", "{3A055421-44A4-49C6-9DE7-B43A72F19883}"
EndProject
Project("{2150E333-8FDC-42A3-9474-1A3956D46DE8}") = "common", "common", "{BBB889D2-593B-4E16-BDD5-DB010A2CCBBF}"
EndProject
Project("{2150E333-8FDC-42A3-9474-1A3956D46DE8}") = "dataproviders", "dataproviders", "{EEAA8B23-77F2-4C70-BE32-83AACC5E484F}"
EndProject
Project("{FAE04EC0-301F-11D3-BF4B-00C04F79EFBC}") = "AppStudio.Controls", "src\AppStudio.Controls\AppStudio.Controls.csproj", "{F2A551A0-5048-471E-8D30-6E9577E44CB0}"
EndProject
Global
	GlobalSection(SharedMSBuildProjectFiles) = preSolution
		samples\AppStudio.Samples.Common.Shared\AppStudio.Samples.Common.Shared.projitems*{ef4f3740-e6eb-4fbf-bd09-93f863351e44}*SharedItemsImports = 4
		samples\AppStudio.Samples.DataProviders.Shared\AppStudio.Samples.DataProviders.Shared.projitems*{caa11277-55c5-4a2e-bb0b-3e28de8a8f6b}*SharedItemsImports = 4
		samples\AppStudio.Samples.Common.Shared\AppStudio.Samples.Common.Shared.projitems*{3a055421-44a4-49c6-9de7-b43a72f19883}*SharedItemsImports = 4
		samples\AppStudio.Samples.Common.Shared\AppStudio.Samples.Common.Shared.projitems*{549f05b7-41b0-463b-8390-cc5639b68f40}*SharedItemsImports = 13
		samples\AppStudio.Samples.DataProviders.Shared\AppStudio.Samples.DataProviders.Shared.projitems*{316600ad-2dd9-45a3-9611-e15d9e0727bf}*SharedItemsImports = 4
		samples\AppStudio.Samples.DataProviders.Shared\AppStudio.Samples.DataProviders.Shared.projitems*{a889e0f4-ec01-4399-b3ec-5a146ab4a2aa}*SharedItemsImports = 4
		samples\AppStudio.Samples.Common.Shared\AppStudio.Samples.Common.Shared.projitems*{b372b6cc-62a8-4d2d-87db-9e5abad7fba6}*SharedItemsImports = 4
		samples\AppStudio.Samples.DataProviders.Shared\AppStudio.Samples.DataProviders.Shared.projitems*{c6ad54d9-d6ed-4f43-ac3d-6216a079b1aa}*SharedItemsImports = 13
	EndGlobalSection
	GlobalSection(SolutionConfigurationPlatforms) = preSolution
		Debug|Any CPU = Debug|Any CPU
		Debug|ARM = Debug|ARM
		Debug|x64 = Debug|x64
		Debug|x86 = Debug|x86
		Release|Any CPU = Release|Any CPU
		Release|ARM = Release|ARM
		Release|x64 = Release|x64
		Release|x86 = Release|x86
	EndGlobalSection
	GlobalSection(ProjectConfigurationPlatforms) = postSolution
		{7189A42D-6F1A-4FA3-8E00-E2C14FDF167A}.Debug|Any CPU.ActiveCfg = Debug|Any CPU
		{7189A42D-6F1A-4FA3-8E00-E2C14FDF167A}.Debug|Any CPU.Build.0 = Debug|Any CPU
		{7189A42D-6F1A-4FA3-8E00-E2C14FDF167A}.Debug|ARM.ActiveCfg = Debug|Any CPU
		{7189A42D-6F1A-4FA3-8E00-E2C14FDF167A}.Debug|ARM.Build.0 = Debug|Any CPU
		{7189A42D-6F1A-4FA3-8E00-E2C14FDF167A}.Debug|x64.ActiveCfg = Debug|Any CPU
		{7189A42D-6F1A-4FA3-8E00-E2C14FDF167A}.Debug|x64.Build.0 = Debug|Any CPU
		{7189A42D-6F1A-4FA3-8E00-E2C14FDF167A}.Debug|x86.ActiveCfg = Debug|Any CPU
		{7189A42D-6F1A-4FA3-8E00-E2C14FDF167A}.Debug|x86.Build.0 = Debug|Any CPU
		{7189A42D-6F1A-4FA3-8E00-E2C14FDF167A}.Release|Any CPU.ActiveCfg = Release|Any CPU
		{7189A42D-6F1A-4FA3-8E00-E2C14FDF167A}.Release|Any CPU.Build.0 = Release|Any CPU
		{7189A42D-6F1A-4FA3-8E00-E2C14FDF167A}.Release|ARM.ActiveCfg = Release|Any CPU
		{7189A42D-6F1A-4FA3-8E00-E2C14FDF167A}.Release|ARM.Build.0 = Release|Any CPU
		{7189A42D-6F1A-4FA3-8E00-E2C14FDF167A}.Release|x64.ActiveCfg = Release|Any CPU
		{7189A42D-6F1A-4FA3-8E00-E2C14FDF167A}.Release|x64.Build.0 = Release|Any CPU
		{7189A42D-6F1A-4FA3-8E00-E2C14FDF167A}.Release|x86.ActiveCfg = Release|Any CPU
		{7189A42D-6F1A-4FA3-8E00-E2C14FDF167A}.Release|x86.Build.0 = Release|Any CPU
		{DB9FFD8A-EAAD-46D7-B68E-C1D003ED40E1}.Debug|Any CPU.ActiveCfg = Debug|Any CPU
		{DB9FFD8A-EAAD-46D7-B68E-C1D003ED40E1}.Debug|Any CPU.Build.0 = Debug|Any CPU
		{DB9FFD8A-EAAD-46D7-B68E-C1D003ED40E1}.Debug|ARM.ActiveCfg = Debug|Any CPU
		{DB9FFD8A-EAAD-46D7-B68E-C1D003ED40E1}.Debug|ARM.Build.0 = Debug|Any CPU
		{DB9FFD8A-EAAD-46D7-B68E-C1D003ED40E1}.Debug|x64.ActiveCfg = Debug|Any CPU
		{DB9FFD8A-EAAD-46D7-B68E-C1D003ED40E1}.Debug|x64.Build.0 = Debug|Any CPU
		{DB9FFD8A-EAAD-46D7-B68E-C1D003ED40E1}.Debug|x86.ActiveCfg = Debug|Any CPU
		{DB9FFD8A-EAAD-46D7-B68E-C1D003ED40E1}.Debug|x86.Build.0 = Debug|Any CPU
		{DB9FFD8A-EAAD-46D7-B68E-C1D003ED40E1}.Release|Any CPU.ActiveCfg = Release|Any CPU
		{DB9FFD8A-EAAD-46D7-B68E-C1D003ED40E1}.Release|Any CPU.Build.0 = Release|Any CPU
		{DB9FFD8A-EAAD-46D7-B68E-C1D003ED40E1}.Release|ARM.ActiveCfg = Release|Any CPU
		{DB9FFD8A-EAAD-46D7-B68E-C1D003ED40E1}.Release|ARM.Build.0 = Release|Any CPU
		{DB9FFD8A-EAAD-46D7-B68E-C1D003ED40E1}.Release|x64.ActiveCfg = Release|Any CPU
		{DB9FFD8A-EAAD-46D7-B68E-C1D003ED40E1}.Release|x64.Build.0 = Release|Any CPU
		{DB9FFD8A-EAAD-46D7-B68E-C1D003ED40E1}.Release|x86.ActiveCfg = Release|Any CPU
		{DB9FFD8A-EAAD-46D7-B68E-C1D003ED40E1}.Release|x86.Build.0 = Release|Any CPU
		{316600AD-2DD9-45A3-9611-E15D9E0727BF}.Debug|Any CPU.ActiveCfg = Debug|x86
		{316600AD-2DD9-45A3-9611-E15D9E0727BF}.Debug|ARM.ActiveCfg = Debug|ARM
		{316600AD-2DD9-45A3-9611-E15D9E0727BF}.Debug|ARM.Build.0 = Debug|ARM
		{316600AD-2DD9-45A3-9611-E15D9E0727BF}.Debug|ARM.Deploy.0 = Debug|ARM
		{316600AD-2DD9-45A3-9611-E15D9E0727BF}.Debug|x64.ActiveCfg = Debug|x64
		{316600AD-2DD9-45A3-9611-E15D9E0727BF}.Debug|x64.Build.0 = Debug|x64
		{316600AD-2DD9-45A3-9611-E15D9E0727BF}.Debug|x64.Deploy.0 = Debug|x64
		{316600AD-2DD9-45A3-9611-E15D9E0727BF}.Debug|x86.ActiveCfg = Debug|x86
		{316600AD-2DD9-45A3-9611-E15D9E0727BF}.Debug|x86.Build.0 = Debug|x86
		{316600AD-2DD9-45A3-9611-E15D9E0727BF}.Debug|x86.Deploy.0 = Debug|x86
		{316600AD-2DD9-45A3-9611-E15D9E0727BF}.Release|Any CPU.ActiveCfg = Release|x86
		{316600AD-2DD9-45A3-9611-E15D9E0727BF}.Release|ARM.ActiveCfg = Release|ARM
		{316600AD-2DD9-45A3-9611-E15D9E0727BF}.Release|ARM.Build.0 = Release|ARM
		{316600AD-2DD9-45A3-9611-E15D9E0727BF}.Release|ARM.Deploy.0 = Release|ARM
		{316600AD-2DD9-45A3-9611-E15D9E0727BF}.Release|x64.ActiveCfg = Release|x64
		{316600AD-2DD9-45A3-9611-E15D9E0727BF}.Release|x64.Build.0 = Release|x64
		{316600AD-2DD9-45A3-9611-E15D9E0727BF}.Release|x64.Deploy.0 = Release|x64
		{316600AD-2DD9-45A3-9611-E15D9E0727BF}.Release|x86.ActiveCfg = Release|x86
		{316600AD-2DD9-45A3-9611-E15D9E0727BF}.Release|x86.Build.0 = Release|x86
		{316600AD-2DD9-45A3-9611-E15D9E0727BF}.Release|x86.Deploy.0 = Release|x86
		{CAA11277-55C5-4A2E-BB0B-3E28DE8A8F6B}.Debug|Any CPU.ActiveCfg = Debug|Any CPU
		{CAA11277-55C5-4A2E-BB0B-3E28DE8A8F6B}.Debug|Any CPU.Build.0 = Debug|Any CPU
		{CAA11277-55C5-4A2E-BB0B-3E28DE8A8F6B}.Debug|Any CPU.Deploy.0 = Debug|Any CPU
		{CAA11277-55C5-4A2E-BB0B-3E28DE8A8F6B}.Debug|ARM.ActiveCfg = Debug|ARM
		{CAA11277-55C5-4A2E-BB0B-3E28DE8A8F6B}.Debug|ARM.Build.0 = Debug|ARM
		{CAA11277-55C5-4A2E-BB0B-3E28DE8A8F6B}.Debug|ARM.Deploy.0 = Debug|ARM
		{CAA11277-55C5-4A2E-BB0B-3E28DE8A8F6B}.Debug|x64.ActiveCfg = Debug|x64
		{CAA11277-55C5-4A2E-BB0B-3E28DE8A8F6B}.Debug|x64.Build.0 = Debug|x64
		{CAA11277-55C5-4A2E-BB0B-3E28DE8A8F6B}.Debug|x64.Deploy.0 = Debug|x64
		{CAA11277-55C5-4A2E-BB0B-3E28DE8A8F6B}.Debug|x86.ActiveCfg = Debug|x86
		{CAA11277-55C5-4A2E-BB0B-3E28DE8A8F6B}.Debug|x86.Build.0 = Debug|x86
		{CAA11277-55C5-4A2E-BB0B-3E28DE8A8F6B}.Debug|x86.Deploy.0 = Debug|x86
		{CAA11277-55C5-4A2E-BB0B-3E28DE8A8F6B}.Release|Any CPU.ActiveCfg = Release|Any CPU
		{CAA11277-55C5-4A2E-BB0B-3E28DE8A8F6B}.Release|Any CPU.Build.0 = Release|Any CPU
		{CAA11277-55C5-4A2E-BB0B-3E28DE8A8F6B}.Release|Any CPU.Deploy.0 = Release|Any CPU
		{CAA11277-55C5-4A2E-BB0B-3E28DE8A8F6B}.Release|ARM.ActiveCfg = Release|ARM
		{CAA11277-55C5-4A2E-BB0B-3E28DE8A8F6B}.Release|ARM.Build.0 = Release|ARM
		{CAA11277-55C5-4A2E-BB0B-3E28DE8A8F6B}.Release|ARM.Deploy.0 = Release|ARM
		{CAA11277-55C5-4A2E-BB0B-3E28DE8A8F6B}.Release|x64.ActiveCfg = Release|x64
		{CAA11277-55C5-4A2E-BB0B-3E28DE8A8F6B}.Release|x64.Build.0 = Release|x64
		{CAA11277-55C5-4A2E-BB0B-3E28DE8A8F6B}.Release|x64.Deploy.0 = Release|x64
		{CAA11277-55C5-4A2E-BB0B-3E28DE8A8F6B}.Release|x86.ActiveCfg = Release|x86
		{CAA11277-55C5-4A2E-BB0B-3E28DE8A8F6B}.Release|x86.Build.0 = Release|x86
		{CAA11277-55C5-4A2E-BB0B-3E28DE8A8F6B}.Release|x86.Deploy.0 = Release|x86
		{A889E0F4-EC01-4399-B3EC-5A146AB4A2AA}.Debug|Any CPU.ActiveCfg = Debug|Any CPU
		{A889E0F4-EC01-4399-B3EC-5A146AB4A2AA}.Debug|Any CPU.Build.0 = Debug|Any CPU
		{A889E0F4-EC01-4399-B3EC-5A146AB4A2AA}.Debug|Any CPU.Deploy.0 = Debug|Any CPU
		{A889E0F4-EC01-4399-B3EC-5A146AB4A2AA}.Debug|ARM.ActiveCfg = Debug|ARM
		{A889E0F4-EC01-4399-B3EC-5A146AB4A2AA}.Debug|ARM.Build.0 = Debug|ARM
		{A889E0F4-EC01-4399-B3EC-5A146AB4A2AA}.Debug|ARM.Deploy.0 = Debug|ARM
		{A889E0F4-EC01-4399-B3EC-5A146AB4A2AA}.Debug|x64.ActiveCfg = Debug|Any CPU
		{A889E0F4-EC01-4399-B3EC-5A146AB4A2AA}.Debug|x64.Build.0 = Debug|Any CPU
		{A889E0F4-EC01-4399-B3EC-5A146AB4A2AA}.Debug|x64.Deploy.0 = Debug|Any CPU
		{A889E0F4-EC01-4399-B3EC-5A146AB4A2AA}.Debug|x86.ActiveCfg = Debug|x86
		{A889E0F4-EC01-4399-B3EC-5A146AB4A2AA}.Debug|x86.Build.0 = Debug|x86
		{A889E0F4-EC01-4399-B3EC-5A146AB4A2AA}.Debug|x86.Deploy.0 = Debug|x86
		{A889E0F4-EC01-4399-B3EC-5A146AB4A2AA}.Release|Any CPU.ActiveCfg = Release|Any CPU
		{A889E0F4-EC01-4399-B3EC-5A146AB4A2AA}.Release|Any CPU.Build.0 = Release|Any CPU
		{A889E0F4-EC01-4399-B3EC-5A146AB4A2AA}.Release|Any CPU.Deploy.0 = Release|Any CPU
		{A889E0F4-EC01-4399-B3EC-5A146AB4A2AA}.Release|ARM.ActiveCfg = Release|ARM
		{A889E0F4-EC01-4399-B3EC-5A146AB4A2AA}.Release|ARM.Build.0 = Release|ARM
		{A889E0F4-EC01-4399-B3EC-5A146AB4A2AA}.Release|ARM.Deploy.0 = Release|ARM
		{A889E0F4-EC01-4399-B3EC-5A146AB4A2AA}.Release|x64.ActiveCfg = Release|Any CPU
		{A889E0F4-EC01-4399-B3EC-5A146AB4A2AA}.Release|x64.Build.0 = Release|Any CPU
		{A889E0F4-EC01-4399-B3EC-5A146AB4A2AA}.Release|x64.Deploy.0 = Release|Any CPU
		{A889E0F4-EC01-4399-B3EC-5A146AB4A2AA}.Release|x86.ActiveCfg = Release|x86
		{A889E0F4-EC01-4399-B3EC-5A146AB4A2AA}.Release|x86.Build.0 = Release|x86
		{A889E0F4-EC01-4399-B3EC-5A146AB4A2AA}.Release|x86.Deploy.0 = Release|x86
		{EF4F3740-E6EB-4FBF-BD09-93F863351E44}.Debug|Any CPU.ActiveCfg = Debug|x86
		{EF4F3740-E6EB-4FBF-BD09-93F863351E44}.Debug|ARM.ActiveCfg = Debug|ARM
		{EF4F3740-E6EB-4FBF-BD09-93F863351E44}.Debug|ARM.Build.0 = Debug|ARM
		{EF4F3740-E6EB-4FBF-BD09-93F863351E44}.Debug|ARM.Deploy.0 = Debug|ARM
		{EF4F3740-E6EB-4FBF-BD09-93F863351E44}.Debug|x64.ActiveCfg = Debug|x64
		{EF4F3740-E6EB-4FBF-BD09-93F863351E44}.Debug|x64.Build.0 = Debug|x64
		{EF4F3740-E6EB-4FBF-BD09-93F863351E44}.Debug|x64.Deploy.0 = Debug|x64
		{EF4F3740-E6EB-4FBF-BD09-93F863351E44}.Debug|x86.ActiveCfg = Debug|x86
		{EF4F3740-E6EB-4FBF-BD09-93F863351E44}.Debug|x86.Build.0 = Debug|x86
		{EF4F3740-E6EB-4FBF-BD09-93F863351E44}.Debug|x86.Deploy.0 = Debug|x86
		{EF4F3740-E6EB-4FBF-BD09-93F863351E44}.Release|Any CPU.ActiveCfg = Release|x86
		{EF4F3740-E6EB-4FBF-BD09-93F863351E44}.Release|ARM.ActiveCfg = Release|ARM
		{EF4F3740-E6EB-4FBF-BD09-93F863351E44}.Release|ARM.Build.0 = Release|ARM
		{EF4F3740-E6EB-4FBF-BD09-93F863351E44}.Release|ARM.Deploy.0 = Release|ARM
		{EF4F3740-E6EB-4FBF-BD09-93F863351E44}.Release|x64.ActiveCfg = Release|x64
		{EF4F3740-E6EB-4FBF-BD09-93F863351E44}.Release|x64.Build.0 = Release|x64
		{EF4F3740-E6EB-4FBF-BD09-93F863351E44}.Release|x64.Deploy.0 = Release|x64
		{EF4F3740-E6EB-4FBF-BD09-93F863351E44}.Release|x86.ActiveCfg = Release|x86
		{EF4F3740-E6EB-4FBF-BD09-93F863351E44}.Release|x86.Build.0 = Release|x86
		{EF4F3740-E6EB-4FBF-BD09-93F863351E44}.Release|x86.Deploy.0 = Release|x86
		{B372B6CC-62A8-4D2D-87DB-9E5ABAD7FBA6}.Debug|Any CPU.ActiveCfg = Debug|Any CPU
		{B372B6CC-62A8-4D2D-87DB-9E5ABAD7FBA6}.Debug|Any CPU.Build.0 = Debug|Any CPU
		{B372B6CC-62A8-4D2D-87DB-9E5ABAD7FBA6}.Debug|Any CPU.Deploy.0 = Debug|Any CPU
		{B372B6CC-62A8-4D2D-87DB-9E5ABAD7FBA6}.Debug|ARM.ActiveCfg = Debug|ARM
		{B372B6CC-62A8-4D2D-87DB-9E5ABAD7FBA6}.Debug|ARM.Build.0 = Debug|ARM
		{B372B6CC-62A8-4D2D-87DB-9E5ABAD7FBA6}.Debug|ARM.Deploy.0 = Debug|ARM
		{B372B6CC-62A8-4D2D-87DB-9E5ABAD7FBA6}.Debug|x64.ActiveCfg = Debug|x64
		{B372B6CC-62A8-4D2D-87DB-9E5ABAD7FBA6}.Debug|x64.Build.0 = Debug|x64
		{B372B6CC-62A8-4D2D-87DB-9E5ABAD7FBA6}.Debug|x64.Deploy.0 = Debug|x64
		{B372B6CC-62A8-4D2D-87DB-9E5ABAD7FBA6}.Debug|x86.ActiveCfg = Debug|x86
		{B372B6CC-62A8-4D2D-87DB-9E5ABAD7FBA6}.Debug|x86.Build.0 = Debug|x86
		{B372B6CC-62A8-4D2D-87DB-9E5ABAD7FBA6}.Debug|x86.Deploy.0 = Debug|x86
		{B372B6CC-62A8-4D2D-87DB-9E5ABAD7FBA6}.Release|Any CPU.ActiveCfg = Release|Any CPU
		{B372B6CC-62A8-4D2D-87DB-9E5ABAD7FBA6}.Release|Any CPU.Build.0 = Release|Any CPU
		{B372B6CC-62A8-4D2D-87DB-9E5ABAD7FBA6}.Release|Any CPU.Deploy.0 = Release|Any CPU
		{B372B6CC-62A8-4D2D-87DB-9E5ABAD7FBA6}.Release|ARM.ActiveCfg = Release|ARM
		{B372B6CC-62A8-4D2D-87DB-9E5ABAD7FBA6}.Release|ARM.Build.0 = Release|ARM
		{B372B6CC-62A8-4D2D-87DB-9E5ABAD7FBA6}.Release|ARM.Deploy.0 = Release|ARM
		{B372B6CC-62A8-4D2D-87DB-9E5ABAD7FBA6}.Release|x64.ActiveCfg = Release|x64
		{B372B6CC-62A8-4D2D-87DB-9E5ABAD7FBA6}.Release|x64.Build.0 = Release|x64
		{B372B6CC-62A8-4D2D-87DB-9E5ABAD7FBA6}.Release|x64.Deploy.0 = Release|x64
		{B372B6CC-62A8-4D2D-87DB-9E5ABAD7FBA6}.Release|x86.ActiveCfg = Release|x86
		{B372B6CC-62A8-4D2D-87DB-9E5ABAD7FBA6}.Release|x86.Build.0 = Release|x86
		{B372B6CC-62A8-4D2D-87DB-9E5ABAD7FBA6}.Release|x86.Deploy.0 = Release|x86
		{3A055421-44A4-49C6-9DE7-B43A72F19883}.Debug|Any CPU.ActiveCfg = Debug|Any CPU
		{3A055421-44A4-49C6-9DE7-B43A72F19883}.Debug|Any CPU.Build.0 = Debug|Any CPU
		{3A055421-44A4-49C6-9DE7-B43A72F19883}.Debug|Any CPU.Deploy.0 = Debug|Any CPU
		{3A055421-44A4-49C6-9DE7-B43A72F19883}.Debug|ARM.ActiveCfg = Debug|ARM
		{3A055421-44A4-49C6-9DE7-B43A72F19883}.Debug|ARM.Build.0 = Debug|ARM
		{3A055421-44A4-49C6-9DE7-B43A72F19883}.Debug|ARM.Deploy.0 = Debug|ARM
		{3A055421-44A4-49C6-9DE7-B43A72F19883}.Debug|x64.ActiveCfg = Debug|Any CPU
		{3A055421-44A4-49C6-9DE7-B43A72F19883}.Debug|x64.Build.0 = Debug|Any CPU
		{3A055421-44A4-49C6-9DE7-B43A72F19883}.Debug|x64.Deploy.0 = Debug|Any CPU
		{3A055421-44A4-49C6-9DE7-B43A72F19883}.Debug|x86.ActiveCfg = Debug|x86
		{3A055421-44A4-49C6-9DE7-B43A72F19883}.Debug|x86.Build.0 = Debug|x86
		{3A055421-44A4-49C6-9DE7-B43A72F19883}.Debug|x86.Deploy.0 = Debug|x86
		{3A055421-44A4-49C6-9DE7-B43A72F19883}.Release|Any CPU.ActiveCfg = Release|Any CPU
		{3A055421-44A4-49C6-9DE7-B43A72F19883}.Release|Any CPU.Build.0 = Release|Any CPU
		{3A055421-44A4-49C6-9DE7-B43A72F19883}.Release|Any CPU.Deploy.0 = Release|Any CPU
		{3A055421-44A4-49C6-9DE7-B43A72F19883}.Release|ARM.ActiveCfg = Release|ARM
		{3A055421-44A4-49C6-9DE7-B43A72F19883}.Release|ARM.Build.0 = Release|ARM
		{3A055421-44A4-49C6-9DE7-B43A72F19883}.Release|ARM.Deploy.0 = Release|ARM
		{3A055421-44A4-49C6-9DE7-B43A72F19883}.Release|x64.ActiveCfg = Release|Any CPU
		{3A055421-44A4-49C6-9DE7-B43A72F19883}.Release|x64.Build.0 = Release|Any CPU
		{3A055421-44A4-49C6-9DE7-B43A72F19883}.Release|x64.Deploy.0 = Release|Any CPU
		{3A055421-44A4-49C6-9DE7-B43A72F19883}.Release|x86.ActiveCfg = Release|x86
		{3A055421-44A4-49C6-9DE7-B43A72F19883}.Release|x86.Build.0 = Release|x86
		{3A055421-44A4-49C6-9DE7-B43A72F19883}.Release|x86.Deploy.0 = Release|x86
		{F2A551A0-5048-471E-8D30-6E9577E44CB0}.Debug|Any CPU.ActiveCfg = Debug|Any CPU
		{F2A551A0-5048-471E-8D30-6E9577E44CB0}.Debug|Any CPU.Build.0 = Debug|Any CPU
		{F2A551A0-5048-471E-8D30-6E9577E44CB0}.Debug|ARM.ActiveCfg = Debug|ARM
		{F2A551A0-5048-471E-8D30-6E9577E44CB0}.Debug|ARM.Build.0 = Debug|ARM
		{F2A551A0-5048-471E-8D30-6E9577E44CB0}.Debug|x64.ActiveCfg = Debug|x64
		{F2A551A0-5048-471E-8D30-6E9577E44CB0}.Debug|x64.Build.0 = Debug|x64
		{F2A551A0-5048-471E-8D30-6E9577E44CB0}.Debug|x86.ActiveCfg = Debug|x86
		{F2A551A0-5048-471E-8D30-6E9577E44CB0}.Debug|x86.Build.0 = Debug|x86
		{F2A551A0-5048-471E-8D30-6E9577E44CB0}.Release|Any CPU.ActiveCfg = Release|Any CPU
		{F2A551A0-5048-471E-8D30-6E9577E44CB0}.Release|Any CPU.Build.0 = Release|Any CPU
		{F2A551A0-5048-471E-8D30-6E9577E44CB0}.Release|ARM.ActiveCfg = Release|ARM
		{F2A551A0-5048-471E-8D30-6E9577E44CB0}.Release|ARM.Build.0 = Release|ARM
		{F2A551A0-5048-471E-8D30-6E9577E44CB0}.Release|x64.ActiveCfg = Release|x64
		{F2A551A0-5048-471E-8D30-6E9577E44CB0}.Release|x64.Build.0 = Release|x64
		{F2A551A0-5048-471E-8D30-6E9577E44CB0}.Release|x86.ActiveCfg = Release|x86
		{F2A551A0-5048-471E-8D30-6E9577E44CB0}.Release|x86.Build.0 = Release|x86
	EndGlobalSection
	GlobalSection(SolutionProperties) = preSolution
		HideSolutionNode = FALSE
	EndGlobalSection
	GlobalSection(NestedProjects) = preSolution
		{C6AD54D9-D6ED-4F43-AC3D-6216A079B1AA} = {EEAA8B23-77F2-4C70-BE32-83AACC5E484F}
		{316600AD-2DD9-45A3-9611-E15D9E0727BF} = {EEAA8B23-77F2-4C70-BE32-83AACC5E484F}
		{CAA11277-55C5-4A2E-BB0B-3E28DE8A8F6B} = {EEAA8B23-77F2-4C70-BE32-83AACC5E484F}
		{A889E0F4-EC01-4399-B3EC-5A146AB4A2AA} = {EEAA8B23-77F2-4C70-BE32-83AACC5E484F}
		{549F05B7-41B0-463B-8390-CC5639B68F40} = {BBB889D2-593B-4E16-BDD5-DB010A2CCBBF}
		{EF4F3740-E6EB-4FBF-BD09-93F863351E44} = {BBB889D2-593B-4E16-BDD5-DB010A2CCBBF}
		{B372B6CC-62A8-4D2D-87DB-9E5ABAD7FBA6} = {BBB889D2-593B-4E16-BDD5-DB010A2CCBBF}
		{3A055421-44A4-49C6-9DE7-B43A72F19883} = {BBB889D2-593B-4E16-BDD5-DB010A2CCBBF}
		{BBB889D2-593B-4E16-BDD5-DB010A2CCBBF} = {811C23E9-52E4-4E76-923F-8162CD8856C8}
		{EEAA8B23-77F2-4C70-BE32-83AACC5E484F} = {811C23E9-52E4-4E76-923F-8162CD8856C8}
	EndGlobalSection
EndGlobal
